// !$*UTF8*$!
{
	archiveVersion = 1;
	classes = {
	};
	objectVersion = 46;
	objects = {

/* Begin PBXBuildFile section */
		60063EE21C29EAC10024C549 /* DragAndDropManager.swift in Sources */ = {isa = PBXBuildFile; fileRef = 60063EE11C29EAC10024C549 /* DragAndDropManager.swift */; };
		60063EE41C29FB650024C549 /* DragAndDropCollectionView.swift in Sources */ = {isa = PBXBuildFile; fileRef = 60063EE31C29FB650024C549 /* DragAndDropCollectionView.swift */; };
		60086A0B1BFF880300258603 /* SimpleViewController.swift in Sources */ = {isa = PBXBuildFile; fileRef = 60086A0A1BFF880300258603 /* SimpleViewController.swift */; };
		60086A0D1C0E0A6A00258603 /* HomeViewController.swift in Sources */ = {isa = PBXBuildFile; fileRef = 60086A0C1C0E0A6A00258603 /* HomeViewController.swift */; };
		60086A101C0E0C2F00258603 /* PhotoAlbumInfo.swift in Sources */ = {isa = PBXBuildFile; fileRef = 60086A0F1C0E0C2F00258603 /* PhotoAlbumInfo.swift */; };
		602AF5A41BFD32CE00700980 /* AlbumCollectionViewCell.swift in Sources */ = {isa = PBXBuildFile; fileRef = 602AF5A31BFD32CE00700980 /* AlbumCollectionViewCell.swift */; };
		605AA24B1C19EFF400D631DC /* SettingsViewController.swift in Sources */ = {isa = PBXBuildFile; fileRef = 605AA24A1C19EFF400D631DC /* SettingsViewController.swift */; };
		60675FAC1BFA76DB0079077E /* AppDelegate.swift in Sources */ = {isa = PBXBuildFile; fileRef = 60675FAB1BFA76DB0079077E /* AppDelegate.swift */; };
		60675FAE1BFA76DB0079077E /* Photo2DropViewController_bk.swift in Sources */ = {isa = PBXBuildFile; fileRef = 60675FAD1BFA76DB0079077E /* Photo2DropViewController_bk.swift */; };
		60675FB11BFA76DB0079077E /* Main.storyboard in Resources */ = {isa = PBXBuildFile; fileRef = 60675FAF1BFA76DB0079077E /* Main.storyboard */; };
		60675FB31BFA76DB0079077E /* Assets.xcassets in Resources */ = {isa = PBXBuildFile; fileRef = 60675FB21BFA76DB0079077E /* Assets.xcassets */; };
		60675FB61BFA76DB0079077E /* LaunchScreen.storyboard in Resources */ = {isa = PBXBuildFile; fileRef = 60675FB41BFA76DB0079077E /* LaunchScreen.storyboard */; };
		60675FC11BFA76DB0079077E /* Photo2DropTests.swift in Sources */ = {isa = PBXBuildFile; fileRef = 60675FC01BFA76DB0079077E /* Photo2DropTests.swift */; };
		60675FCC1BFA76DB0079077E /* Photo2DropUITests.swift in Sources */ = {isa = PBXBuildFile; fileRef = 60675FCB1BFA76DB0079077E /* Photo2DropUITests.swift */; };
		60675FDA1BFA7A4F0079077E /* FullSizePhotoViewController.swift in Sources */ = {isa = PBXBuildFile; fileRef = 60675FD91BFA7A4F0079077E /* FullSizePhotoViewController.swift */; };
		60675FDC1BFB78F60079077E /* Photos.framework in Frameworks */ = {isa = PBXBuildFile; fileRef = 60675FDB1BFB78F60079077E /* Photos.framework */; };
		60675FDE1BFB87830079077E /* PhotoThumbnailCollectionViewCell.swift in Sources */ = {isa = PBXBuildFile; fileRef = 60675FDD1BFB87830079077E /* PhotoThumbnailCollectionViewCell.swift */; };
		606A6A701C1B5AD6008621E3 /* SWRevealViewController.m in Sources */ = {isa = PBXBuildFile; fileRef = 606A6A6F1C1B5AD6008621E3 /* SWRevealViewController.m */; };
		606A6A721C1B5CE2008621E3 /* MapViewController.swift in Sources */ = {isa = PBXBuildFile; fileRef = 606A6A711C1B5CE2008621E3 /* MapViewController.swift */; };
		607336B31C10EEDB0009DABC /* PhotoInfo.swift in Sources */ = {isa = PBXBuildFile; fileRef = 607336B21C10EEDB0009DABC /* PhotoInfo.swift */; };
		607336BA1C161BE70009DABC /* LeftMenuViewController.swift in Sources */ = {isa = PBXBuildFile; fileRef = 607336B91C161BE70009DABC /* LeftMenuViewController.swift */; };
		607336BF1C17388D0009DABC /* BaseTableViewCell.swift in Sources */ = {isa = PBXBuildFile; fileRef = 607336BE1C17388D0009DABC /* BaseTableViewCell.swift */; };
		607336C21C1739950009DABC /* String.swift in Sources */ = {isa = PBXBuildFile; fileRef = 607336C11C1739950009DABC /* String.swift */; };
		607336C41C173C1B0009DABC /* UIColor.swift in Sources */ = {isa = PBXBuildFile; fileRef = 607336C31C173C1B0009DABC /* UIColor.swift */; };
		607336C71C173DC90009DABC /* DataTableViewCell.swift in Sources */ = {isa = PBXBuildFile; fileRef = 607336C51C173DC90009DABC /* DataTableViewCell.swift */; };
		607336C81C173DC90009DABC /* DataTableViewCell.xib in Resources */ = {isa = PBXBuildFile; fileRef = 607336C61C173DC90009DABC /* DataTableViewCell.xib */; };
		607336CA1C1744E80009DABC /* UIImageView.swift in Sources */ = {isa = PBXBuildFile; fileRef = 607336C91C1744E80009DABC /* UIImageView.swift */; };
		607336CC1C17481D0009DABC /* UIView.swift in Sources */ = {isa = PBXBuildFile; fileRef = 607336CB1C17481D0009DABC /* UIView.swift */; };
		607B605C1C178A350040E09B /* ImageHeaderView.swift in Sources */ = {isa = PBXBuildFile; fileRef = 607B605A1C178A350040E09B /* ImageHeaderView.swift */; };
		607B605D1C178A350040E09B /* ImageHeaderView.xib in Resources */ = {isa = PBXBuildFile; fileRef = 607B605B1C178A350040E09B /* ImageHeaderView.xib */; };
		607B605F1C178CD80040E09B /* UITableView.swift in Sources */ = {isa = PBXBuildFile; fileRef = 607B605E1C178CD80040E09B /* UITableView.swift */; };
		609A96621BFE696800F2D6EB /* UIImageViewExtension.swift in Sources */ = {isa = PBXBuildFile; fileRef = 609A96611BFE696800F2D6EB /* UIImageViewExtension.swift */; };
		60BCB4021C1F2EF700E45EAD /* GetPhotoHandler.swift in Sources */ = {isa = PBXBuildFile; fileRef = 60BCB4011C1F2EF700E45EAD /* GetPhotoHandler.swift */; };
		60BCB4041C1F2F0F00E45EAD /* GetAlbumHandler.swift in Sources */ = {isa = PBXBuildFile; fileRef = 60BCB4031C1F2F0F00E45EAD /* GetAlbumHandler.swift */; };
		60BCB4061C1F5F2700E45EAD /* PHFetchResult.swift in Sources */ = {isa = PBXBuildFile; fileRef = 60BCB4051C1F5F2700E45EAD /* PHFetchResult.swift */; };
		60BCB4091C21FF6400E45EAD /* SplashScreenViewController.swift in Sources */ = {isa = PBXBuildFile; fileRef = 60BCB4081C21FF6400E45EAD /* SplashScreenViewController.swift */; };
		60BCB40B1C22045800E45EAD /* Storyboard.swift in Sources */ = {isa = PBXBuildFile; fileRef = 60BCB40A1C22045800E45EAD /* Storyboard.swift */; };
		60BCB40D1C22FF5000E45EAD /* GetAuthorizationToUsePhotoAlbumHandler.swift in Sources */ = {isa = PBXBuildFile; fileRef = 60BCB40C1C22FF5000E45EAD /* GetAuthorizationToUsePhotoAlbumHandler.swift */; };
		60BCB4131C2315D900E45EAD /* ExitAppHandler.m in Sources */ = {isa = PBXBuildFile; fileRef = 60BCB4121C2315D900E45EAD /* ExitAppHandler.m */; };
		60BCB4171C2341B900E45EAD /* ActionsheetView.swift in Sources */ = {isa = PBXBuildFile; fileRef = 60BCB4151C2341B900E45EAD /* ActionsheetView.swift */; };
		60BCB4181C2341B900E45EAD /* ActionsheetView.xib in Resources */ = {isa = PBXBuildFile; fileRef = 60BCB4161C2341B900E45EAD /* ActionsheetView.xib */; };
		60BCB41B1C23712200E45EAD /* Settings.bundle in Resources */ = {isa = PBXBuildFile; fileRef = 60BCB41A1C23712200E45EAD /* Settings.bundle */; };
		60E1198C1C18D56200626DB9 /* LeftMenuTableHeader.swift in Sources */ = {isa = PBXBuildFile; fileRef = 60E1198B1C18D56200626DB9 /* LeftMenuTableHeader.swift */; };
		60F0A8251C24C02B00CF5B43 /* CustomActionSheetViewController.swift in Sources */ = {isa = PBXBuildFile; fileRef = 60F0A8241C24C02B00CF5B43 /* CustomActionSheetViewController.swift */; };
		60F2FB261C17743C004FD4DB /* UIImage.swift in Sources */ = {isa = PBXBuildFile; fileRef = 60F2FB251C17743C004FD4DB /* UIImage.swift */; };
		60F907B81C1A2FF2006C41CE /* SWFrontViewController.swift in Sources */ = {isa = PBXBuildFile; fileRef = 60F907B71C1A2FF2006C41CE /* SWFrontViewController.swift */; };
		A819C14B1C294F6300ED43E7 /* PhotoUICollectionView.swift in Sources */ = {isa = PBXBuildFile; fileRef = A819C14A1C294F6300ED43E7 /* PhotoUICollectionView.swift */; };
		A819C14F1C295F6C00ED43E7 /* AlbumUICollectionView.swift in Sources */ = {isa = PBXBuildFile; fileRef = A819C14E1C295F6C00ED43E7 /* AlbumUICollectionView.swift */; };
		A828D5D91C25294900FD2ACA /* TouchIDViewController.swift in Sources */ = {isa = PBXBuildFile; fileRef = A828D5D81C25294900FD2ACA /* TouchIDViewController.swift */; };
		A828D5DD1C252BBC00FD2ACA /* TouchIDAuthenticationHandler.swift in Sources */ = {isa = PBXBuildFile; fileRef = A828D5DC1C252BBC00FD2ACA /* TouchIDAuthenticationHandler.swift */; };
		A828D5E11C253DAD00FD2ACA /* AvatarImageView.swift in Sources */ = {isa = PBXBuildFile; fileRef = A828D5DF1C253DAD00FD2ACA /* AvatarImageView.swift */; };
		A828D5E21C253DAD00FD2ACA /* TWTButton.swift in Sources */ = {isa = PBXBuildFile; fileRef = A828D5E01C253DAD00FD2ACA /* TWTButton.swift */; };
		A828D5E41C253EDA00FD2ACA /* MainViewController.swift in Sources */ = {isa = PBXBuildFile; fileRef = A828D5E31C253EDA00FD2ACA /* MainViewController.swift */; };
		A87CECE01C2677760039A355 /* RoundBorderCollectionViewCell.swift in Sources */ = {isa = PBXBuildFile; fileRef = A87CECDF1C2677760039A355 /* RoundBorderCollectionViewCell.swift */; };
		A88F75A61C2BC5210065D194 /* CGRect.swift in Sources */ = {isa = PBXBuildFile; fileRef = A88F75A51C2BC5210065D194 /* CGRect.swift */; settings = {ASSET_TAGS = (); }; };
		A8C614971C27D17000D0323B /* RearrangeableCollectionViewCell.swift in Sources */ = {isa = PBXBuildFile; fileRef = A8C614961C27D17000D0323B /* RearrangeableCollectionViewCell.swift */; };
/* End PBXBuildFile section */

/* Begin PBXContainerItemProxy section */
		60675FBD1BFA76DB0079077E /* PBXContainerItemProxy */ = {
			isa = PBXContainerItemProxy;
			containerPortal = 60675FA01BFA76DB0079077E /* Project object */;
			proxyType = 1;
			remoteGlobalIDString = 60675FA71BFA76DB0079077E;
			remoteInfo = Photo2Drop;
		};
		60675FC81BFA76DB0079077E /* PBXContainerItemProxy */ = {
			isa = PBXContainerItemProxy;
			containerPortal = 60675FA01BFA76DB0079077E /* Project object */;
			proxyType = 1;
			remoteGlobalIDString = 60675FA71BFA76DB0079077E;
			remoteInfo = Photo2Drop;
		};
/* End PBXContainerItemProxy section */

/* Begin PBXFileReference section */
		60063EE11C29EAC10024C549 /* DragAndDropManager.swift */ = {isa = PBXFileReference; fileEncoding = 4; lastKnownFileType = sourcecode.swift; path = DragAndDropManager.swift; sourceTree = "<group>"; };
		60063EE31C29FB650024C549 /* DragAndDropCollectionView.swift */ = {isa = PBXFileReference; fileEncoding = 4; lastKnownFileType = sourcecode.swift; path = DragAndDropCollectionView.swift; sourceTree = "<group>"; };
		60086A0A1BFF880300258603 /* SimpleViewController.swift */ = {isa = PBXFileReference; fileEncoding = 4; lastKnownFileType = sourcecode.swift; path = SimpleViewController.swift; sourceTree = "<group>"; };
		60086A0C1C0E0A6A00258603 /* HomeViewController.swift */ = {isa = PBXFileReference; fileEncoding = 4; lastKnownFileType = sourcecode.swift; path = HomeViewController.swift; sourceTree = "<group>"; };
		60086A0F1C0E0C2F00258603 /* PhotoAlbumInfo.swift */ = {isa = PBXFileReference; fileEncoding = 4; lastKnownFileType = sourcecode.swift; path = PhotoAlbumInfo.swift; sourceTree = "<group>"; };
		602AF5A31BFD32CE00700980 /* AlbumCollectionViewCell.swift */ = {isa = PBXFileReference; fileEncoding = 4; lastKnownFileType = sourcecode.swift; path = AlbumCollectionViewCell.swift; sourceTree = "<group>"; };
		605AA24A1C19EFF400D631DC /* SettingsViewController.swift */ = {isa = PBXFileReference; fileEncoding = 4; lastKnownFileType = sourcecode.swift; path = SettingsViewController.swift; sourceTree = "<group>"; };
		60675FA81BFA76DB0079077E /* Photo2Drop.app */ = {isa = PBXFileReference; explicitFileType = wrapper.application; includeInIndex = 0; path = Photo2Drop.app; sourceTree = BUILT_PRODUCTS_DIR; };
		60675FAB1BFA76DB0079077E /* AppDelegate.swift */ = {isa = PBXFileReference; lastKnownFileType = sourcecode.swift; path = AppDelegate.swift; sourceTree = "<group>"; };
		60675FAD1BFA76DB0079077E /* Photo2DropViewController_bk.swift */ = {isa = PBXFileReference; lastKnownFileType = sourcecode.swift; path = Photo2DropViewController_bk.swift; sourceTree = "<group>"; };
		60675FB01BFA76DB0079077E /* Base */ = {isa = PBXFileReference; lastKnownFileType = file.storyboard; name = Base; path = Base.lproj/Main.storyboard; sourceTree = "<group>"; };
		60675FB21BFA76DB0079077E /* Assets.xcassets */ = {isa = PBXFileReference; lastKnownFileType = folder.assetcatalog; path = Assets.xcassets; sourceTree = "<group>"; };
		60675FB51BFA76DB0079077E /* Base */ = {isa = PBXFileReference; lastKnownFileType = file.storyboard; name = Base; path = Base.lproj/LaunchScreen.storyboard; sourceTree = "<group>"; };
		60675FB71BFA76DB0079077E /* Info.plist */ = {isa = PBXFileReference; lastKnownFileType = text.plist.xml; path = Info.plist; sourceTree = "<group>"; };
		60675FBC1BFA76DB0079077E /* Photo2DropTests.xctest */ = {isa = PBXFileReference; explicitFileType = wrapper.cfbundle; includeInIndex = 0; path = Photo2DropTests.xctest; sourceTree = BUILT_PRODUCTS_DIR; };
		60675FC01BFA76DB0079077E /* Photo2DropTests.swift */ = {isa = PBXFileReference; lastKnownFileType = sourcecode.swift; path = Photo2DropTests.swift; sourceTree = "<group>"; };
		60675FC21BFA76DB0079077E /* Info.plist */ = {isa = PBXFileReference; lastKnownFileType = text.plist.xml; path = Info.plist; sourceTree = "<group>"; };
		60675FC71BFA76DB0079077E /* Photo2DropUITests.xctest */ = {isa = PBXFileReference; explicitFileType = wrapper.cfbundle; includeInIndex = 0; path = Photo2DropUITests.xctest; sourceTree = BUILT_PRODUCTS_DIR; };
		60675FCB1BFA76DB0079077E /* Photo2DropUITests.swift */ = {isa = PBXFileReference; lastKnownFileType = sourcecode.swift; path = Photo2DropUITests.swift; sourceTree = "<group>"; };
		60675FCD1BFA76DB0079077E /* Info.plist */ = {isa = PBXFileReference; lastKnownFileType = text.plist.xml; path = Info.plist; sourceTree = "<group>"; };
		60675FD91BFA7A4F0079077E /* FullSizePhotoViewController.swift */ = {isa = PBXFileReference; fileEncoding = 4; lastKnownFileType = sourcecode.swift; name = FullSizePhotoViewController.swift; path = ../FullSizePhotoViewController.swift; sourceTree = "<group>"; };
		60675FDB1BFB78F60079077E /* Photos.framework */ = {isa = PBXFileReference; lastKnownFileType = wrapper.framework; name = Photos.framework; path = System/Library/Frameworks/Photos.framework; sourceTree = SDKROOT; };
		60675FDD1BFB87830079077E /* PhotoThumbnailCollectionViewCell.swift */ = {isa = PBXFileReference; fileEncoding = 4; lastKnownFileType = sourcecode.swift; path = PhotoThumbnailCollectionViewCell.swift; sourceTree = "<group>"; };
		606A6A6E1C1B5AD6008621E3 /* SWRevealViewController.h */ = {isa = PBXFileReference; fileEncoding = 4; lastKnownFileType = sourcecode.c.h; path = SWRevealViewController.h; sourceTree = "<group>"; };
		606A6A6F1C1B5AD6008621E3 /* SWRevealViewController.m */ = {isa = PBXFileReference; fileEncoding = 4; lastKnownFileType = sourcecode.c.objc; path = SWRevealViewController.m; sourceTree = "<group>"; };
		606A6A711C1B5CE2008621E3 /* MapViewController.swift */ = {isa = PBXFileReference; fileEncoding = 4; lastKnownFileType = sourcecode.swift; path = MapViewController.swift; sourceTree = "<group>"; };
		607336B21C10EEDB0009DABC /* PhotoInfo.swift */ = {isa = PBXFileReference; fileEncoding = 4; lastKnownFileType = sourcecode.swift; path = PhotoInfo.swift; sourceTree = "<group>"; };
		607336B51C1249330009DABC /* Photo2Drop-Bridging-Header.h */ = {isa = PBXFileReference; lastKnownFileType = sourcecode.c.h; path = "Photo2Drop-Bridging-Header.h"; sourceTree = "<group>"; };
		607336B91C161BE70009DABC /* LeftMenuViewController.swift */ = {isa = PBXFileReference; fileEncoding = 4; lastKnownFileType = sourcecode.swift; path = LeftMenuViewController.swift; sourceTree = "<group>"; };
		607336BE1C17388D0009DABC /* BaseTableViewCell.swift */ = {isa = PBXFileReference; fileEncoding = 4; lastKnownFileType = sourcecode.swift; path = BaseTableViewCell.swift; sourceTree = "<group>"; };
		607336C11C1739950009DABC /* String.swift */ = {isa = PBXFileReference; fileEncoding = 4; lastKnownFileType = sourcecode.swift; path = String.swift; sourceTree = "<group>"; };
		607336C31C173C1B0009DABC /* UIColor.swift */ = {isa = PBXFileReference; fileEncoding = 4; lastKnownFileType = sourcecode.swift; path = UIColor.swift; sourceTree = "<group>"; };
		607336C51C173DC90009DABC /* DataTableViewCell.swift */ = {isa = PBXFileReference; fileEncoding = 4; lastKnownFileType = sourcecode.swift; path = DataTableViewCell.swift; sourceTree = "<group>"; };
		607336C61C173DC90009DABC /* DataTableViewCell.xib */ = {isa = PBXFileReference; fileEncoding = 4; lastKnownFileType = file.xib; path = DataTableViewCell.xib; sourceTree = "<group>"; };
		607336C91C1744E80009DABC /* UIImageView.swift */ = {isa = PBXFileReference; fileEncoding = 4; lastKnownFileType = sourcecode.swift; path = UIImageView.swift; sourceTree = "<group>"; };
		607336CB1C17481D0009DABC /* UIView.swift */ = {isa = PBXFileReference; fileEncoding = 4; lastKnownFileType = sourcecode.swift; path = UIView.swift; sourceTree = "<group>"; };
		607B605A1C178A350040E09B /* ImageHeaderView.swift */ = {isa = PBXFileReference; fileEncoding = 4; lastKnownFileType = sourcecode.swift; path = ImageHeaderView.swift; sourceTree = "<group>"; };
		607B605B1C178A350040E09B /* ImageHeaderView.xib */ = {isa = PBXFileReference; fileEncoding = 4; lastKnownFileType = file.xib; path = ImageHeaderView.xib; sourceTree = "<group>"; };
		607B605E1C178CD80040E09B /* UITableView.swift */ = {isa = PBXFileReference; fileEncoding = 4; lastKnownFileType = sourcecode.swift; path = UITableView.swift; sourceTree = "<group>"; };
		609A96611BFE696800F2D6EB /* UIImageViewExtension.swift */ = {isa = PBXFileReference; fileEncoding = 4; lastKnownFileType = sourcecode.swift; path = UIImageViewExtension.swift; sourceTree = "<group>"; };
		60BCB4011C1F2EF700E45EAD /* GetPhotoHandler.swift */ = {isa = PBXFileReference; fileEncoding = 4; lastKnownFileType = sourcecode.swift; path = GetPhotoHandler.swift; sourceTree = "<group>"; };
		60BCB4031C1F2F0F00E45EAD /* GetAlbumHandler.swift */ = {isa = PBXFileReference; fileEncoding = 4; lastKnownFileType = sourcecode.swift; path = GetAlbumHandler.swift; sourceTree = "<group>"; };
		60BCB4051C1F5F2700E45EAD /* PHFetchResult.swift */ = {isa = PBXFileReference; fileEncoding = 4; lastKnownFileType = sourcecode.swift; path = PHFetchResult.swift; sourceTree = "<group>"; };
		60BCB4081C21FF6400E45EAD /* SplashScreenViewController.swift */ = {isa = PBXFileReference; fileEncoding = 4; lastKnownFileType = sourcecode.swift; path = SplashScreenViewController.swift; sourceTree = "<group>"; };
		60BCB40A1C22045800E45EAD /* Storyboard.swift */ = {isa = PBXFileReference; fileEncoding = 4; lastKnownFileType = sourcecode.swift; path = Storyboard.swift; sourceTree = "<group>"; };
		60BCB40C1C22FF5000E45EAD /* GetAuthorizationToUsePhotoAlbumHandler.swift */ = {isa = PBXFileReference; fileEncoding = 4; lastKnownFileType = sourcecode.swift; path = GetAuthorizationToUsePhotoAlbumHandler.swift; sourceTree = "<group>"; };
		60BCB4111C2315D900E45EAD /* ExitAppHandler.h */ = {isa = PBXFileReference; fileEncoding = 4; lastKnownFileType = sourcecode.c.h; path = ExitAppHandler.h; sourceTree = "<group>"; };
		60BCB4121C2315D900E45EAD /* ExitAppHandler.m */ = {isa = PBXFileReference; fileEncoding = 4; lastKnownFileType = sourcecode.c.objc; path = ExitAppHandler.m; sourceTree = "<group>"; };
		60BCB4151C2341B900E45EAD /* ActionsheetView.swift */ = {isa = PBXFileReference; fileEncoding = 4; lastKnownFileType = sourcecode.swift; path = ActionsheetView.swift; sourceTree = "<group>"; };
		60BCB4161C2341B900E45EAD /* ActionsheetView.xib */ = {isa = PBXFileReference; fileEncoding = 4; lastKnownFileType = file.xib; path = ActionsheetView.xib; sourceTree = "<group>"; };
		60BCB41A1C23712200E45EAD /* Settings.bundle */ = {isa = PBXFileReference; lastKnownFileType = "wrapper.plug-in"; path = Settings.bundle; sourceTree = "<group>"; };
		60E1198B1C18D56200626DB9 /* LeftMenuTableHeader.swift */ = {isa = PBXFileReference; fileEncoding = 4; lastKnownFileType = sourcecode.swift; path = LeftMenuTableHeader.swift; sourceTree = "<group>"; };
		60F0A8241C24C02B00CF5B43 /* CustomActionSheetViewController.swift */ = {isa = PBXFileReference; fileEncoding = 4; lastKnownFileType = sourcecode.swift; path = CustomActionSheetViewController.swift; sourceTree = "<group>"; };
		60F2FB251C17743C004FD4DB /* UIImage.swift */ = {isa = PBXFileReference; fileEncoding = 4; lastKnownFileType = sourcecode.swift; path = UIImage.swift; sourceTree = "<group>"; };
		60F907B71C1A2FF2006C41CE /* SWFrontViewController.swift */ = {isa = PBXFileReference; fileEncoding = 4; lastKnownFileType = sourcecode.swift; path = SWFrontViewController.swift; sourceTree = "<group>"; };
		A819C14A1C294F6300ED43E7 /* PhotoUICollectionView.swift */ = {isa = PBXFileReference; fileEncoding = 4; lastKnownFileType = sourcecode.swift; path = PhotoUICollectionView.swift; sourceTree = "<group>"; };
		A819C14E1C295F6C00ED43E7 /* AlbumUICollectionView.swift */ = {isa = PBXFileReference; fileEncoding = 4; lastKnownFileType = sourcecode.swift; path = AlbumUICollectionView.swift; sourceTree = "<group>"; };
		A828D5D81C25294900FD2ACA /* TouchIDViewController.swift */ = {isa = PBXFileReference; fileEncoding = 4; lastKnownFileType = sourcecode.swift; path = TouchIDViewController.swift; sourceTree = "<group>"; };
		A828D5DC1C252BBC00FD2ACA /* TouchIDAuthenticationHandler.swift */ = {isa = PBXFileReference; fileEncoding = 4; lastKnownFileType = sourcecode.swift; path = TouchIDAuthenticationHandler.swift; sourceTree = "<group>"; };
		A828D5DF1C253DAD00FD2ACA /* AvatarImageView.swift */ = {isa = PBXFileReference; fileEncoding = 4; lastKnownFileType = sourcecode.swift; path = AvatarImageView.swift; sourceTree = "<group>"; };
		A828D5E01C253DAD00FD2ACA /* TWTButton.swift */ = {isa = PBXFileReference; fileEncoding = 4; lastKnownFileType = sourcecode.swift; path = TWTButton.swift; sourceTree = "<group>"; };
		A828D5E31C253EDA00FD2ACA /* MainViewController.swift */ = {isa = PBXFileReference; fileEncoding = 4; lastKnownFileType = sourcecode.swift; path = MainViewController.swift; sourceTree = "<group>"; };
		A87CECDF1C2677760039A355 /* RoundBorderCollectionViewCell.swift */ = {isa = PBXFileReference; fileEncoding = 4; lastKnownFileType = sourcecode.swift; path = RoundBorderCollectionViewCell.swift; sourceTree = "<group>"; };
		A88F75A51C2BC5210065D194 /* CGRect.swift */ = {isa = PBXFileReference; fileEncoding = 4; lastKnownFileType = sourcecode.swift; path = CGRect.swift; sourceTree = "<group>"; };
		A8C614961C27D17000D0323B /* RearrangeableCollectionViewCell.swift */ = {isa = PBXFileReference; fileEncoding = 4; lastKnownFileType = sourcecode.swift; path = RearrangeableCollectionViewCell.swift; sourceTree = "<group>"; };
/* End PBXFileReference section */

/* Begin PBXFrameworksBuildPhase section */
		60675FA51BFA76DB0079077E /* Frameworks */ = {
			isa = PBXFrameworksBuildPhase;
			buildActionMask = 2147483647;
			files = (
				60675FDC1BFB78F60079077E /* Photos.framework in Frameworks */,
			);
			runOnlyForDeploymentPostprocessing = 0;
		};
		60675FB91BFA76DB0079077E /* Frameworks */ = {
			isa = PBXFrameworksBuildPhase;
			buildActionMask = 2147483647;
			files = (
			);
			runOnlyForDeploymentPostprocessing = 0;
		};
		60675FC41BFA76DB0079077E /* Frameworks */ = {
			isa = PBXFrameworksBuildPhase;
			buildActionMask = 2147483647;
			files = (
			);
			runOnlyForDeploymentPostprocessing = 0;
		};
/* End PBXFrameworksBuildPhase section */

/* Begin PBXGroup section */
		60063EE01C29EA830024C549 /* DragAndDrop */ = {
			isa = PBXGroup;
			children = (
				60063EE11C29EAC10024C549 /* DragAndDropManager.swift */,
			);
			name = DragAndDrop;
			sourceTree = "<group>";
		};
		60086A0E1C0E0C1500258603 /* Models */ = {
			isa = PBXGroup;
			children = (
				60086A0F1C0E0C2F00258603 /* PhotoAlbumInfo.swift */,
				607336B21C10EEDB0009DABC /* PhotoInfo.swift */,
			);
			name = Models;
			sourceTree = "<group>";
		};
		602AF5A11BFD1CF700700980 /* ViewController */ = {
			isa = PBXGroup;
			children = (
				A828D5DA1C25294F00FD2ACA /* Authentication */,
				60BCB4081C21FF6400E45EAD /* SplashScreenViewController.swift */,
				60675FD91BFA7A4F0079077E /* FullSizePhotoViewController.swift */,
				A828D5E31C253EDA00FD2ACA /* MainViewController.swift */,
				60675FAD1BFA76DB0079077E /* Photo2DropViewController_bk.swift */,
				60086A0A1BFF880300258603 /* SimpleViewController.swift */,
				60086A0C1C0E0A6A00258603 /* HomeViewController.swift */,
				607336B91C161BE70009DABC /* LeftMenuViewController.swift */,
				605AA24A1C19EFF400D631DC /* SettingsViewController.swift */,
				60F907B71C1A2FF2006C41CE /* SWFrontViewController.swift */,
				606A6A711C1B5CE2008621E3 /* MapViewController.swift */,
				60BCB40A1C22045800E45EAD /* Storyboard.swift */,
			);
			name = ViewController;
			sourceTree = "<group>";
		};
		602AF5A21BFD1D3900700980 /* Storyboad */ = {
			isa = PBXGroup;
			children = (
				60675FAF1BFA76DB0079077E /* Main.storyboard */,
				60675FB21BFA76DB0079077E /* Assets.xcassets */,
			);
			name = Storyboad;
			sourceTree = "<group>";
		};
		602AF5A51BFD32E300700980 /* Views */ = {
			isa = PBXGroup;
			children = (
				60063EE01C29EA830024C549 /* DragAndDrop */,
				A819C14D1C295F3000ED43E7 /* Album */,
				A819C14C1C2957AF00ED43E7 /* Photo */,
				A8C614951C27D13F00D0323B /* CollectionViewCell */,
				60BCB4141C23416E00E45EAD /* Actionsheet */,
				607336BD1C162DB80009DABC /* TableViewCell */,
				602AF5A31BFD32CE00700980 /* AlbumCollectionViewCell.swift */,
				607B605A1C178A350040E09B /* ImageHeaderView.swift */,
				607B605B1C178A350040E09B /* ImageHeaderView.xib */,
				60E1198B1C18D56200626DB9 /* LeftMenuTableHeader.swift */,
			);
			name = Views;
			sourceTree = "<group>";
		};
		60675F9F1BFA76DB0079077E = {
			isa = PBXGroup;
			children = (
				60675FDB1BFB78F60079077E /* Photos.framework */,
				60675FAA1BFA76DB0079077E /* Photo2Drop */,
				60675FBF1BFA76DB0079077E /* Photo2DropTests */,
				60675FCA1BFA76DB0079077E /* Photo2DropUITests */,
				60675FA91BFA76DB0079077E /* Products */,
			);
			sourceTree = "<group>";
		};
		60675FA91BFA76DB0079077E /* Products */ = {
			isa = PBXGroup;
			children = (
				60675FA81BFA76DB0079077E /* Photo2Drop.app */,
				60675FBC1BFA76DB0079077E /* Photo2DropTests.xctest */,
				60675FC71BFA76DB0079077E /* Photo2DropUITests.xctest */,
			);
			name = Products;
			sourceTree = "<group>";
		};
		60675FAA1BFA76DB0079077E /* Photo2Drop */ = {
			isa = PBXGroup;
			children = (
				A828D5DE1C253D8C00FD2ACA /* Helper */,
				60BCB4191C2370F900E45EAD /* Settings */,
				60BCB40E1C2314E200E45EAD /* Bridge-ObjC */,
				60BCB3FF1C1F2EAF00E45EAD /* Handler */,
				607336C01C1739820009DABC /* Extension */,
				607336B41C1248530009DABC /* SWRevealViewController */,
				60086A0E1C0E0C1500258603 /* Models */,
				602AF5A21BFD1D3900700980 /* Storyboad */,
				602AF5A11BFD1CF700700980 /* ViewController */,
				60675FAB1BFA76DB0079077E /* AppDelegate.swift */,
				602AF5A51BFD32E300700980 /* Views */,
				60675FB41BFA76DB0079077E /* LaunchScreen.storyboard */,
				60675FB71BFA76DB0079077E /* Info.plist */,
				609A96611BFE696800F2D6EB /* UIImageViewExtension.swift */,
			);
			path = Photo2Drop;
			sourceTree = "<group>";
		};
		60675FBF1BFA76DB0079077E /* Photo2DropTests */ = {
			isa = PBXGroup;
			children = (
				60675FC01BFA76DB0079077E /* Photo2DropTests.swift */,
				60675FC21BFA76DB0079077E /* Info.plist */,
			);
			path = Photo2DropTests;
			sourceTree = "<group>";
		};
		60675FCA1BFA76DB0079077E /* Photo2DropUITests */ = {
			isa = PBXGroup;
			children = (
				60675FCB1BFA76DB0079077E /* Photo2DropUITests.swift */,
				60675FCD1BFA76DB0079077E /* Info.plist */,
			);
			path = Photo2DropUITests;
			sourceTree = "<group>";
		};
		607336B41C1248530009DABC /* SWRevealViewController */ = {
			isa = PBXGroup;
			children = (
				606A6A6E1C1B5AD6008621E3 /* SWRevealViewController.h */,
				606A6A6F1C1B5AD6008621E3 /* SWRevealViewController.m */,
				607336B51C1249330009DABC /* Photo2Drop-Bridging-Header.h */,
			);
			name = SWRevealViewController;
			sourceTree = "<group>";
		};
		607336BD1C162DB80009DABC /* TableViewCell */ = {
			isa = PBXGroup;
			children = (
				607336BE1C17388D0009DABC /* BaseTableViewCell.swift */,
				607336C51C173DC90009DABC /* DataTableViewCell.swift */,
				607336C61C173DC90009DABC /* DataTableViewCell.xib */,
			);
			name = TableViewCell;
			sourceTree = "<group>";
		};
		607336C01C1739820009DABC /* Extension */ = {
			isa = PBXGroup;
			children = (
				607336C31C173C1B0009DABC /* UIColor.swift */,
				607336C11C1739950009DABC /* String.swift */,
				607336C91C1744E80009DABC /* UIImageView.swift */,
				607336CB1C17481D0009DABC /* UIView.swift */,
				60F2FB251C17743C004FD4DB /* UIImage.swift */,
				607B605E1C178CD80040E09B /* UITableView.swift */,
				60BCB4051C1F5F2700E45EAD /* PHFetchResult.swift */,
				60F0A8241C24C02B00CF5B43 /* CustomActionSheetViewController.swift */,
				A88F75A51C2BC5210065D194 /* CGRect.swift */,
			);
			name = Extension;
			sourceTree = "<group>";
		};
		60BCB3FF1C1F2EAF00E45EAD /* Handler */ = {
			isa = PBXGroup;
			children = (
				A828D5DB1C252B9700FD2ACA /* Authentication */,
				60BCB4001C1F2EC100E45EAD /* PhotosAlbum */,
			);
			name = Handler;
			sourceTree = "<group>";
		};
		60BCB4001C1F2EC100E45EAD /* PhotosAlbum */ = {
			isa = PBXGroup;
			children = (
				60BCB4011C1F2EF700E45EAD /* GetPhotoHandler.swift */,
				60BCB4031C1F2F0F00E45EAD /* GetAlbumHandler.swift */,
				60BCB40C1C22FF5000E45EAD /* GetAuthorizationToUsePhotoAlbumHandler.swift */,
			);
			name = PhotosAlbum;
			sourceTree = "<group>";
		};
		60BCB40E1C2314E200E45EAD /* Bridge-ObjC */ = {
			isa = PBXGroup;
			children = (
				60BCB4111C2315D900E45EAD /* ExitAppHandler.h */,
				60BCB4121C2315D900E45EAD /* ExitAppHandler.m */,
			);
			name = "Bridge-ObjC";
			sourceTree = "<group>";
		};
		60BCB4141C23416E00E45EAD /* Actionsheet */ = {
			isa = PBXGroup;
			children = (
				60BCB4151C2341B900E45EAD /* ActionsheetView.swift */,
				60BCB4161C2341B900E45EAD /* ActionsheetView.xib */,
			);
			name = Actionsheet;
			sourceTree = "<group>";
		};
		60BCB4191C2370F900E45EAD /* Settings */ = {
			isa = PBXGroup;
			children = (
				60BCB41A1C23712200E45EAD /* Settings.bundle */,
			);
			name = Settings;
			sourceTree = "<group>";
		};
		A819C14C1C2957AF00ED43E7 /* Photo */ = {
			isa = PBXGroup;
			children = (
				A819C14A1C294F6300ED43E7 /* PhotoUICollectionView.swift */,
				60675FDD1BFB87830079077E /* PhotoThumbnailCollectionViewCell.swift */,
			);
			name = Photo;
			sourceTree = "<group>";
		};
		A819C14D1C295F3000ED43E7 /* Album */ = {
			isa = PBXGroup;
			children = (
				A819C14E1C295F6C00ED43E7 /* AlbumUICollectionView.swift */,
				60063EE31C29FB650024C549 /* DragAndDropCollectionView.swift */,
			);
			name = Album;
			sourceTree = "<group>";
		};
		A828D5DA1C25294F00FD2ACA /* Authentication */ = {
			isa = PBXGroup;
			children = (
				A828D5D81C25294900FD2ACA /* TouchIDViewController.swift */,
			);
			name = Authentication;
			sourceTree = "<group>";
		};
		A828D5DB1C252B9700FD2ACA /* Authentication */ = {
			isa = PBXGroup;
			children = (
				A828D5DC1C252BBC00FD2ACA /* TouchIDAuthenticationHandler.swift */,
			);
			name = Authentication;
			sourceTree = "<group>";
		};
		A828D5DE1C253D8C00FD2ACA /* Helper */ = {
			isa = PBXGroup;
			children = (
				A828D5DF1C253DAD00FD2ACA /* AvatarImageView.swift */,
				A828D5E01C253DAD00FD2ACA /* TWTButton.swift */,
				A87CECDF1C2677760039A355 /* RoundBorderCollectionViewCell.swift */,
			);
			name = Helper;
			sourceTree = "<group>";
		};
		A8C614951C27D13F00D0323B /* CollectionViewCell */ = {
			isa = PBXGroup;
			children = (
				A8C614961C27D17000D0323B /* RearrangeableCollectionViewCell.swift */,
			);
			name = CollectionViewCell;
			sourceTree = "<group>";
		};
/* End PBXGroup section */

/* Begin PBXNativeTarget section */
		60675FA71BFA76DB0079077E /* Photo2Drop */ = {
			isa = PBXNativeTarget;
			buildConfigurationList = 60675FD01BFA76DB0079077E /* Build configuration list for PBXNativeTarget "Photo2Drop" */;
			buildPhases = (
				60675FA41BFA76DB0079077E /* Sources */,
				60675FA51BFA76DB0079077E /* Frameworks */,
				60675FA61BFA76DB0079077E /* Resources */,
			);
			buildRules = (
			);
			dependencies = (
			);
			name = Photo2Drop;
			productName = Photo2Drop;
			productReference = 60675FA81BFA76DB0079077E /* Photo2Drop.app */;
			productType = "com.apple.product-type.application";
		};
		60675FBB1BFA76DB0079077E /* Photo2DropTests */ = {
			isa = PBXNativeTarget;
			buildConfigurationList = 60675FD31BFA76DB0079077E /* Build configuration list for PBXNativeTarget "Photo2DropTests" */;
			buildPhases = (
				60675FB81BFA76DB0079077E /* Sources */,
				60675FB91BFA76DB0079077E /* Frameworks */,
				60675FBA1BFA76DB0079077E /* Resources */,
			);
			buildRules = (
			);
			dependencies = (
				60675FBE1BFA76DB0079077E /* PBXTargetDependency */,
			);
			name = Photo2DropTests;
			productName = Photo2DropTests;
			productReference = 60675FBC1BFA76DB0079077E /* Photo2DropTests.xctest */;
			productType = "com.apple.product-type.bundle.unit-test";
		};
		60675FC61BFA76DB0079077E /* Photo2DropUITests */ = {
			isa = PBXNativeTarget;
			buildConfigurationList = 60675FD61BFA76DB0079077E /* Build configuration list for PBXNativeTarget "Photo2DropUITests" */;
			buildPhases = (
				60675FC31BFA76DB0079077E /* Sources */,
				60675FC41BFA76DB0079077E /* Frameworks */,
				60675FC51BFA76DB0079077E /* Resources */,
			);
			buildRules = (
			);
			dependencies = (
				60675FC91BFA76DB0079077E /* PBXTargetDependency */,
			);
			name = Photo2DropUITests;
			productName = Photo2DropUITests;
			productReference = 60675FC71BFA76DB0079077E /* Photo2DropUITests.xctest */;
			productType = "com.apple.product-type.bundle.ui-testing";
		};
/* End PBXNativeTarget section */

/* Begin PBXProject section */
		60675FA01BFA76DB0079077E /* Project object */ = {
			isa = PBXProject;
			attributes = {
				LastSwiftUpdateCheck = 0710;
				LastUpgradeCheck = 0710;
				ORGANIZATIONNAME = "Kang, Puthyrak";
				TargetAttributes = {
					60675FA71BFA76DB0079077E = {
						CreatedOnToolsVersion = 7.1;
					};
					60675FBB1BFA76DB0079077E = {
						CreatedOnToolsVersion = 7.1;
						TestTargetID = 60675FA71BFA76DB0079077E;
					};
					60675FC61BFA76DB0079077E = {
						CreatedOnToolsVersion = 7.1;
						TestTargetID = 60675FA71BFA76DB0079077E;
					};
				};
			};
			buildConfigurationList = 60675FA31BFA76DB0079077E /* Build configuration list for PBXProject "Photo2Drop" */;
			compatibilityVersion = "Xcode 3.2";
			developmentRegion = English;
			hasScannedForEncodings = 0;
			knownRegions = (
				en,
				Base,
			);
			mainGroup = 60675F9F1BFA76DB0079077E;
			productRefGroup = 60675FA91BFA76DB0079077E /* Products */;
			projectDirPath = "";
			projectRoot = "";
			targets = (
				60675FA71BFA76DB0079077E /* Photo2Drop */,
				60675FBB1BFA76DB0079077E /* Photo2DropTests */,
				60675FC61BFA76DB0079077E /* Photo2DropUITests */,
			);
		};
/* End PBXProject section */

/* Begin PBXResourcesBuildPhase section */
		60675FA61BFA76DB0079077E /* Resources */ = {
			isa = PBXResourcesBuildPhase;
			buildActionMask = 2147483647;
			files = (
				60675FB61BFA76DB0079077E /* LaunchScreen.storyboard in Resources */,
				607B605D1C178A350040E09B /* ImageHeaderView.xib in Resources */,
				60BCB4181C2341B900E45EAD /* ActionsheetView.xib in Resources */,
				60675FB31BFA76DB0079077E /* Assets.xcassets in Resources */,
				60675FB11BFA76DB0079077E /* Main.storyboard in Resources */,
				607336C81C173DC90009DABC /* DataTableViewCell.xib in Resources */,
				60BCB41B1C23712200E45EAD /* Settings.bundle in Resources */,
			);
			runOnlyForDeploymentPostprocessing = 0;
		};
		60675FBA1BFA76DB0079077E /* Resources */ = {
			isa = PBXResourcesBuildPhase;
			buildActionMask = 2147483647;
			files = (
			);
			runOnlyForDeploymentPostprocessing = 0;
		};
		60675FC51BFA76DB0079077E /* Resources */ = {
			isa = PBXResourcesBuildPhase;
			buildActionMask = 2147483647;
			files = (
			);
			runOnlyForDeploymentPostprocessing = 0;
		};
/* End PBXResourcesBuildPhase section */

/* Begin PBXSourcesBuildPhase section */
		60675FA41BFA76DB0079077E /* Sources */ = {
			isa = PBXSourcesBuildPhase;
			buildActionMask = 2147483647;
			files = (
				A8C614971C27D17000D0323B /* RearrangeableCollectionViewCell.swift in Sources */,
				607B605C1C178A350040E09B /* ImageHeaderView.swift in Sources */,
				60675FDA1BFA7A4F0079077E /* FullSizePhotoViewController.swift in Sources */,
				A819C14B1C294F6300ED43E7 /* PhotoUICollectionView.swift in Sources */,
				60F2FB261C17743C004FD4DB /* UIImage.swift in Sources */,
				60675FAE1BFA76DB0079077E /* Photo2DropViewController_bk.swift in Sources */,
				60BCB4131C2315D900E45EAD /* ExitAppHandler.m in Sources */,
				A828D5E21C253DAD00FD2ACA /* TWTButton.swift in Sources */,
				607336BA1C161BE70009DABC /* LeftMenuViewController.swift in Sources */,
				60063EE41C29FB650024C549 /* DragAndDropCollectionView.swift in Sources */,
				609A96621BFE696800F2D6EB /* UIImageViewExtension.swift in Sources */,
				A819C14F1C295F6C00ED43E7 /* AlbumUICollectionView.swift in Sources */,
				607336BF1C17388D0009DABC /* BaseTableViewCell.swift in Sources */,
				607B605F1C178CD80040E09B /* UITableView.swift in Sources */,
				60BCB4021C1F2EF700E45EAD /* GetPhotoHandler.swift in Sources */,
				A87CECE01C2677760039A355 /* RoundBorderCollectionViewCell.swift in Sources */,
				60BCB40D1C22FF5000E45EAD /* GetAuthorizationToUsePhotoAlbumHandler.swift in Sources */,
				A828D5DD1C252BBC00FD2ACA /* TouchIDAuthenticationHandler.swift in Sources */,
				60BCB4171C2341B900E45EAD /* ActionsheetView.swift in Sources */,
				606A6A721C1B5CE2008621E3 /* MapViewController.swift in Sources */,
				60F907B81C1A2FF2006C41CE /* SWFrontViewController.swift in Sources */,
				A88F75A61C2BC5210065D194 /* CGRect.swift in Sources */,
				60BCB4061C1F5F2700E45EAD /* PHFetchResult.swift in Sources */,
				607336C41C173C1B0009DABC /* UIColor.swift in Sources */,
				60086A0D1C0E0A6A00258603 /* HomeViewController.swift in Sources */,
				606A6A701C1B5AD6008621E3 /* SWRevealViewController.m in Sources */,
				60063EE21C29EAC10024C549 /* DragAndDropManager.swift in Sources */,
				607336B31C10EEDB0009DABC /* PhotoInfo.swift in Sources */,
				A828D5E41C253EDA00FD2ACA /* MainViewController.swift in Sources */,
				60BCB40B1C22045800E45EAD /* Storyboard.swift in Sources */,
				60BCB4091C21FF6400E45EAD /* SplashScreenViewController.swift in Sources */,
				60675FDE1BFB87830079077E /* PhotoThumbnailCollectionViewCell.swift in Sources */,
				60086A101C0E0C2F00258603 /* PhotoAlbumInfo.swift in Sources */,
				607336CA1C1744E80009DABC /* UIImageView.swift in Sources */,
				60675FAC1BFA76DB0079077E /* AppDelegate.swift in Sources */,
				605AA24B1C19EFF400D631DC /* SettingsViewController.swift in Sources */,
				607336CC1C17481D0009DABC /* UIView.swift in Sources */,
				607336C21C1739950009DABC /* String.swift in Sources */,
				607336C71C173DC90009DABC /* DataTableViewCell.swift in Sources */,
				60086A0B1BFF880300258603 /* SimpleViewController.swift in Sources */,
				60BCB4041C1F2F0F00E45EAD /* GetAlbumHandler.swift in Sources */,
				A828D5E11C253DAD00FD2ACA /* AvatarImageView.swift in Sources */,
				602AF5A41BFD32CE00700980 /* AlbumCollectionViewCell.swift in Sources */,
				60E1198C1C18D56200626DB9 /* LeftMenuTableHeader.swift in Sources */,
				60F0A8251C24C02B00CF5B43 /* CustomActionSheetViewController.swift in Sources */,
				A828D5D91C25294900FD2ACA /* TouchIDViewController.swift in Sources */,
			);
			runOnlyForDeploymentPostprocessing = 0;
		};
		60675FB81BFA76DB0079077E /* Sources */ = {
			isa = PBXSourcesBuildPhase;
			buildActionMask = 2147483647;
			files = (
				60675FC11BFA76DB0079077E /* Photo2DropTests.swift in Sources */,
			);
			runOnlyForDeploymentPostprocessing = 0;
		};
		60675FC31BFA76DB0079077E /* Sources */ = {
			isa = PBXSourcesBuildPhase;
			buildActionMask = 2147483647;
			files = (
				60675FCC1BFA76DB0079077E /* Photo2DropUITests.swift in Sources */,
			);
			runOnlyForDeploymentPostprocessing = 0;
		};
/* End PBXSourcesBuildPhase section */

/* Begin PBXTargetDependency section */
		60675FBE1BFA76DB0079077E /* PBXTargetDependency */ = {
			isa = PBXTargetDependency;
			target = 60675FA71BFA76DB0079077E /* Photo2Drop */;
			targetProxy = 60675FBD1BFA76DB0079077E /* PBXContainerItemProxy */;
		};
		60675FC91BFA76DB0079077E /* PBXTargetDependency */ = {
			isa = PBXTargetDependency;
			target = 60675FA71BFA76DB0079077E /* Photo2Drop */;
			targetProxy = 60675FC81BFA76DB0079077E /* PBXContainerItemProxy */;
		};
/* End PBXTargetDependency section */

/* Begin PBXVariantGroup section */
		60675FAF1BFA76DB0079077E /* Main.storyboard */ = {
			isa = PBXVariantGroup;
			children = (
				60675FB01BFA76DB0079077E /* Base */,
			);
			name = Main.storyboard;
			sourceTree = "<group>";
		};
		60675FB41BFA76DB0079077E /* LaunchScreen.storyboard */ = {
			isa = PBXVariantGroup;
			children = (
				60675FB51BFA76DB0079077E /* Base */,
			);
			name = LaunchScreen.storyboard;
			sourceTree = "<group>";
		};
/* End PBXVariantGroup section */

/* Begin XCBuildConfiguration section */
		60675FCE1BFA76DB0079077E /* Debug */ = {
			isa = XCBuildConfiguration;
			buildSettings = {
				ALWAYS_SEARCH_USER_PATHS = NO;
				CLANG_CXX_LANGUAGE_STANDARD = "gnu++0x";
				CLANG_CXX_LIBRARY = "libc++";
				CLANG_ENABLE_MODULES = YES;
				CLANG_ENABLE_OBJC_ARC = YES;
				CLANG_WARN_BOOL_CONVERSION = YES;
				CLANG_WARN_CONSTANT_CONVERSION = YES;
				CLANG_WARN_DIRECT_OBJC_ISA_USAGE = YES_ERROR;
				CLANG_WARN_EMPTY_BODY = YES;
				CLANG_WARN_ENUM_CONVERSION = YES;
				CLANG_WARN_INT_CONVERSION = YES;
				CLANG_WARN_OBJC_ROOT_CLASS = YES_ERROR;
				CLANG_WARN_UNREACHABLE_CODE = YES;
				CLANG_WARN__DUPLICATE_METHOD_MATCH = YES;
				"CODE_SIGN_IDENTITY[sdk=iphoneos*]" = "iPhone Developer";
				COPY_PHASE_STRIP = NO;
				DEBUG_INFORMATION_FORMAT = dwarf;
				ENABLE_STRICT_OBJC_MSGSEND = YES;
				ENABLE_TESTABILITY = YES;
				GCC_C_LANGUAGE_STANDARD = gnu99;
				GCC_DYNAMIC_NO_PIC = NO;
				GCC_NO_COMMON_BLOCKS = YES;
				GCC_OPTIMIZATION_LEVEL = 0;
				GCC_PREPROCESSOR_DEFINITIONS = (
					"DEBUG=1",
					"$(inherited)",
				);
				GCC_WARN_64_TO_32_BIT_CONVERSION = YES;
				GCC_WARN_ABOUT_RETURN_TYPE = YES_ERROR;
				GCC_WARN_UNDECLARED_SELECTOR = YES;
				GCC_WARN_UNINITIALIZED_AUTOS = YES_AGGRESSIVE;
				GCC_WARN_UNUSED_FUNCTION = YES;
				GCC_WARN_UNUSED_VARIABLE = YES;
				IPHONEOS_DEPLOYMENT_TARGET = 9.1;
				MTL_ENABLE_DEBUG_INFO = YES;
				ONLY_ACTIVE_ARCH = YES;
				SDKROOT = iphoneos;
				SWIFT_OPTIMIZATION_LEVEL = "-Onone";
			};
			name = Debug;
		};
		60675FCF1BFA76DB0079077E /* Release */ = {
			isa = XCBuildConfiguration;
			buildSettings = {
				ALWAYS_SEARCH_USER_PATHS = NO;
				CLANG_CXX_LANGUAGE_STANDARD = "gnu++0x";
				CLANG_CXX_LIBRARY = "libc++";
				CLANG_ENABLE_MODULES = YES;
				CLANG_ENABLE_OBJC_ARC = YES;
				CLANG_WARN_BOOL_CONVERSION = YES;
				CLANG_WARN_CONSTANT_CONVERSION = YES;
				CLANG_WARN_DIRECT_OBJC_ISA_USAGE = YES_ERROR;
				CLANG_WARN_EMPTY_BODY = YES;
				CLANG_WARN_ENUM_CONVERSION = YES;
				CLANG_WARN_INT_CONVERSION = YES;
				CLANG_WARN_OBJC_ROOT_CLASS = YES_ERROR;
				CLANG_WARN_UNREACHABLE_CODE = YES;
				CLANG_WARN__DUPLICATE_METHOD_MATCH = YES;
				"CODE_SIGN_IDENTITY[sdk=iphoneos*]" = "iPhone Developer";
				COPY_PHASE_STRIP = NO;
				DEBUG_INFORMATION_FORMAT = "dwarf-with-dsym";
				ENABLE_NS_ASSERTIONS = NO;
				ENABLE_STRICT_OBJC_MSGSEND = YES;
				GCC_C_LANGUAGE_STANDARD = gnu99;
				GCC_NO_COMMON_BLOCKS = YES;
				GCC_WARN_64_TO_32_BIT_CONVERSION = YES;
				GCC_WARN_ABOUT_RETURN_TYPE = YES_ERROR;
				GCC_WARN_UNDECLARED_SELECTOR = YES;
				GCC_WARN_UNINITIALIZED_AUTOS = YES_AGGRESSIVE;
				GCC_WARN_UNUSED_FUNCTION = YES;
				GCC_WARN_UNUSED_VARIABLE = YES;
				IPHONEOS_DEPLOYMENT_TARGET = 9.1;
				MTL_ENABLE_DEBUG_INFO = NO;
				SDKROOT = iphoneos;
				VALIDATE_PRODUCT = YES;
			};
			name = Release;
		};
		60675FD11BFA76DB0079077E /* Debug */ = {
			isa = XCBuildConfiguration;
			buildSettings = {
				ASSETCATALOG_COMPILER_APPICON_NAME = AppIcon;
				CLANG_ENABLE_MODULES = YES;
				INFOPLIST_FILE = Photo2Drop/Info.plist;
				IPHONEOS_DEPLOYMENT_TARGET = 9.0;
				LD_RUNPATH_SEARCH_PATHS = "$(inherited) @executable_path/Frameworks";
				PRODUCT_BUNDLE_IDENTIFIER = pkang.Photo2Drop;
				PRODUCT_NAME = "$(TARGET_NAME)";
				SWIFT_OBJC_BRIDGING_HEADER = "Photo2Drop/Photo2Drop-Bridging-Header.h";
				SWIFT_OPTIMIZATION_LEVEL = "-Onone";
				TARGETED_DEVICE_FAMILY = "1,2";
			};
			name = Debug;
		};
		60675FD21BFA76DB0079077E /* Release */ = {
			isa = XCBuildConfiguration;
			buildSettings = {
				ASSETCATALOG_COMPILER_APPICON_NAME = AppIcon;
				CLANG_ENABLE_MODULES = YES;
				INFOPLIST_FILE = Photo2Drop/Info.plist;
				IPHONEOS_DEPLOYMENT_TARGET = 9.0;
				LD_RUNPATH_SEARCH_PATHS = "$(inherited) @executable_path/Frameworks";
				PRODUCT_BUNDLE_IDENTIFIER = pkang.Photo2Drop;
				PRODUCT_NAME = "$(TARGET_NAME)";
				SWIFT_OBJC_BRIDGING_HEADER = "Photo2Drop/Photo2Drop-Bridging-Header.h";
				TARGETED_DEVICE_FAMILY = "1,2";
			};
			name = Release;
		};
		60675FD41BFA76DB0079077E /* Debug */ = {
			isa = XCBuildConfiguration;
			buildSettings = {
				BUNDLE_LOADER = "$(TEST_HOST)";
				INFOPLIST_FILE = Photo2DropTests/Info.plist;
				LD_RUNPATH_SEARCH_PATHS = "$(inherited) @executable_path/Frameworks @loader_path/Frameworks";
				PRODUCT_BUNDLE_IDENTIFIER = pkang.Photo2DropTests;
				PRODUCT_NAME = "$(TARGET_NAME)";
				TEST_HOST = "$(BUILT_PRODUCTS_DIR)/Photo2Drop.app/Photo2Drop";
			};
			name = Debug;
		};
		60675FD51BFA76DB0079077E /* Release */ = {
			isa = XCBuildConfiguration;
			buildSettings = {
				BUNDLE_LOADER = "$(TEST_HOST)";
				INFOPLIST_FILE = Photo2DropTests/Info.plist;
				LD_RUNPATH_SEARCH_PATHS = "$(inherited) @executable_path/Frameworks @loader_path/Frameworks";
				PRODUCT_BUNDLE_IDENTIFIER = pkang.Photo2DropTests;
				PRODUCT_NAME = "$(TARGET_NAME)";
				TEST_HOST = "$(BUILT_PRODUCTS_DIR)/Photo2Drop.app/Photo2Drop";
			};
			name = Release;
		};
		60675FD71BFA76DB0079077E /* Debug */ = {
			isa = XCBuildConfiguration;
			buildSettings = {
				INFOPLIST_FILE = Photo2DropUITests/Info.plist;
				LD_RUNPATH_SEARCH_PATHS = "$(inherited) @executable_path/Frameworks @loader_path/Frameworks";
				PRODUCT_BUNDLE_IDENTIFIER = pkang.Photo2DropUITests;
				PRODUCT_NAME = "$(TARGET_NAME)";
				TEST_TARGET_NAME = Photo2Drop;
				USES_XCTRUNNER = YES;
			};
			name = Debug;
		};
		60675FD81BFA76DB0079077E /* Release */ = {
			isa = XCBuildConfiguration;
			buildSettings = {
				INFOPLIST_FILE = Photo2DropUITests/Info.plist;
				LD_RUNPATH_SEARCH_PATHS = "$(inherited) @executable_path/Frameworks @loader_path/Frameworks";
				PRODUCT_BUNDLE_IDENTIFIER = pkang.Photo2DropUITests;
				PRODUCT_NAME = "$(TARGET_NAME)";
				TEST_TARGET_NAME = Photo2Drop;
				USES_XCTRUNNER = YES;
			};
			name = Release;
		};
/* End XCBuildConfiguration section */

/* Begin XCConfigurationList section */
		60675FA31BFA76DB0079077E /* Build configuration list for PBXProject "Photo2Drop" */ = {
			isa = XCConfigurationList;
			buildConfigurations = (
				60675FCE1BFA76DB0079077E /* Debug */,
				60675FCF1BFA76DB0079077E /* Release */,
			);
			defaultConfigurationIsVisible = 0;
			defaultConfigurationName = Release;
		};
		60675FD01BFA76DB0079077E /* Build configuration list for PBXNativeTarget "Photo2Drop" */ = {
			isa = XCConfigurationList;
			buildConfigurations = (
				60675FD11BFA76DB0079077E /* Debug */,
				60675FD21BFA76DB0079077E /* Release */,
			);
			defaultConfigurationIsVisible = 0;
			defaultConfigurationName = Release;
		};
		60675FD31BFA76DB0079077E /* Build configuration list for PBXNativeTarget "Photo2DropTests" */ = {
			isa = XCConfigurationList;
			buildConfigurations = (
				60675FD41BFA76DB0079077E /* Debug */,
				60675FD51BFA76DB0079077E /* Release */,
			);
			defaultConfigurationIsVisible = 0;
			defaultConfigurationName = Release;
		};
		60675FD61BFA76DB0079077E /* Build configuration list for PBXNativeTarget "Photo2DropUITests" */ = {
			isa = XCConfigurationList;
			buildConfigurations = (
				60675FD71BFA76DB0079077E /* Debug */,
				60675FD81BFA76DB0079077E /* Release */,
			);
			defaultConfigurationIsVisible = 0;
			defaultConfigurationName = Release;
		};
/* End XCConfigurationList section */
	};
	rootObject = 60675FA01BFA76DB0079077E /* Project object */;
}
